
Microsoft Visual Studio Solution File, Format Version 11.00
# Visual Studio 2010
Project("{8BC9CEB8-8B4A-11D0-8D11-00A0C91BC942}") = "FileHandling", "FileHandling\FileHandling.vcxproj", "{E7A333FC-07B7-4383-A053-9F7F394C6718}"
EndProject
Project("{8BC9CEB8-8B4A-11D0-8D11-00A0C91BC942}") = "ObjectPainter", "..\ObjectPainter\ObjectPainter.vcxproj", "{248026EE-A457-46E2-B490-543D659A979D}"
EndProject
Project("{8BC9CEB8-8B4A-11D0-8D11-00A0C91BC942}") = "DataModel", "..\DataModel\DataModel\DataModel.vcxproj", "{FAD5D5E8-604B-43F3-B0FC-2C459D2D670E}"
EndProject
Global
	GlobalSection(SolutionConfigurationPlatforms) = preSolution
		Debug|Win32 = Debug|Win32
		Release|Win32 = Release|Win32
	EndGlobalSection
	GlobalSection(ProjectConfigurationPlatforms) = postSolution
		{E7A333FC-07B7-4383-A053-9F7F394C6718}.Debug|Win32.ActiveCfg = Debug|Win32
		{E7A333FC-07B7-4383-A053-9F7F394C6718}.Debug|Win32.Build.0 = Debug|Win32
		{E7A333FC-07B7-4383-A053-9F7F394C6718}.Release|Win32.ActiveCfg = Release|Win32
		{E7A333FC-07B7-4383-A053-9F7F394C6718}.Release|Win32.Build.0 = Release|Win32
		{248026EE-A457-46E2-B490-543D659A979D}.Debug|Win32.ActiveCfg = Debug|Win32
		{248026EE-A457-46E2-B490-543D659A979D}.Debug|Win32.Build.0 = Debug|Win32
		{248026EE-A457-46E2-B490-543D659A979D}.Release|Win32.ActiveCfg = Release|Win32
		{248026EE-A457-46E2-B490-543D659A979D}.Release|Win32.Build.0 = Release|Win32
		{FAD5D5E8-604B-43F3-B0FC-2C459D2D670E}.Debug|Win32.ActiveCfg = Debug|Win32
		{FAD5D5E8-604B-43F3-B0FC-2C459D2D670E}.Debug|Win32.Build.0 = Debug|Win32
		{FAD5D5E8-604B-43F3-B0FC-2C459D2D670E}.Release|Win32.ActiveCfg = Release|Win32
		{FAD5D5E8-604B-43F3-B0FC-2C459D2D670E}.Release|Win32.Build.0 = Release|Win32
	EndGlobalSection
	GlobalSection(SolutionProperties) = preSolution
		HideSolutionNode = FALSE
	EndGlobalSection
EndGlobal
